{
  "name": "jupyter-notebook",
  "version": "0.0.1",
  "dependencies": {
    "atom-space-pen-views": {
      "version": "2.1.0",
      "from": "atom-space-pen-views@>=2.0.5 <3.0.0",
      "resolved": "https://registry.npmjs.org/atom-space-pen-views/-/atom-space-pen-views-2.1.0.tgz",
      "dependencies": {
        "fuzzaldrin": {
          "version": "2.1.0",
          "from": "fuzzaldrin@>=2.1.0 <3.0.0",
          "resolved": "https://registry.npmjs.org/fuzzaldrin/-/fuzzaldrin-2.1.0.tgz"
        },
        "space-pen": {
          "version": "5.1.1",
          "from": "space-pen@>=5.0.1 <6.0.0",
          "resolved": "https://registry.npmjs.org/space-pen/-/space-pen-5.1.1.tgz",
          "dependencies": {
            "grim": {
              "version": "1.5.0",
              "from": "grim@>=1.0.0 <2.0.0",
              "resolved": "https://registry.npmjs.org/grim/-/grim-1.5.0.tgz",
              "dependencies": {
                "emissary": {
                  "version": "1.3.3",
                  "from": "emissary@>=1.2.0 <2.0.0",
                  "resolved": "https://registry.npmjs.org/emissary/-/emissary-1.3.3.tgz",
                  "dependencies": {
                    "mixto": {
                      "version": "1.0.0",
                      "from": "mixto@>=1.0.0 <2.0.0",
                      "resolved": "https://registry.npmjs.org/mixto/-/mixto-1.0.0.tgz"
                    },
                    "property-accessors": {
                      "version": "1.1.3",
                      "from": "property-accessors@>=1.1.0 <2.0.0",
                      "resolved": "https://registry.npmjs.org/property-accessors/-/property-accessors-1.1.3.tgz"
                    },
                    "es6-weak-map": {
                      "version": "0.1.4",
                      "from": "es6-weak-map@>=0.1.2 <0.2.0",
                      "resolved": "https://registry.npmjs.org/es6-weak-map/-/es6-weak-map-0.1.4.tgz",
                      "dependencies": {
                        "d": {
                          "version": "0.1.1",
                          "from": "d@>=0.1.1 <0.2.0",
                          "resolved": "https://registry.npmjs.org/d/-/d-0.1.1.tgz"
                        },
                        "es5-ext": {
                          "version": "0.10.8",
                          "from": "es5-ext@>=0.10.6 <0.11.0",
                          "resolved": "https://registry.npmjs.org/es5-ext/-/es5-ext-0.10.8.tgz",
                          "dependencies": {
                            "es6-iterator": {
                              "version": "2.0.0",
                              "from": "es6-iterator@>=2.0.0 <3.0.0",
                              "resolved": "https://registry.npmjs.org/es6-iterator/-/es6-iterator-2.0.0.tgz"
                            },
                            "es6-symbol": {
                              "version": "3.0.1",
                              "from": "es6-symbol@>=3.0.0 <4.0.0",
                              "resolved": "https://registry.npmjs.org/es6-symbol/-/es6-symbol-3.0.1.tgz"
                            }
                          }
                        },
                        "es6-iterator": {
                          "version": "0.1.3",
                          "from": "es6-iterator@>=0.1.3 <0.2.0",
                          "resolved": "https://registry.npmjs.org/es6-iterator/-/es6-iterator-0.1.3.tgz"
                        },
                        "es6-symbol": {
                          "version": "2.0.1",
                          "from": "es6-symbol@>=2.0.1 <2.1.0",
                          "resolved": "https://registry.npmjs.org/es6-symbol/-/es6-symbol-2.0.1.tgz"
                        }
                      }
                    }
                  }
                }
              }
            },
            "jquery": {
              "version": "2.1.4",
              "from": "jquery@>=2.1.3 <3.0.0",
              "resolved": "https://registry.npmjs.org/jquery/-/jquery-2.1.4.tgz"
            },
            "underscore-plus": {
              "version": "1.6.6",
              "from": "underscore-plus@>=1.0.0 <2.0.0",
              "resolved": "https://registry.npmjs.org/underscore-plus/-/underscore-plus-1.6.6.tgz",
              "dependencies": {
                "underscore": {
                  "version": "1.6.0",
                  "from": "underscore@>=1.6.0 <1.7.0",
                  "resolved": "https://registry.npmjs.org/underscore/-/underscore-1.6.0.tgz"
                }
              }
            }
          }
        }
      }
    },
    "event-kit": {
      "version": "1.4.1",
      "from": "event-kit@>=1.2.0 <2.0.0",
      "resolved": "https://registry.npmjs.org/event-kit/-/event-kit-1.4.1.tgz",
      "dependencies": {
        "grim": {
          "version": "1.5.0",
          "from": "grim@>=1.2.1 <2.0.0",
          "resolved": "https://registry.npmjs.org/grim/-/grim-1.5.0.tgz",
          "dependencies": {
            "emissary": {
              "version": "1.3.3",
              "from": "emissary@>=1.2.0 <2.0.0",
              "resolved": "https://registry.npmjs.org/emissary/-/emissary-1.3.3.tgz",
              "dependencies": {
                "underscore-plus": {
                  "version": "1.6.6",
                  "from": "underscore-plus@>=1.0.0 <2.0.0",
                  "resolved": "https://registry.npmjs.org/underscore-plus/-/underscore-plus-1.6.6.tgz",
                  "dependencies": {
                    "underscore": {
                      "version": "1.6.0",
                      "from": "underscore@>=1.6.0 <1.7.0",
                      "resolved": "https://registry.npmjs.org/underscore/-/underscore-1.6.0.tgz"
                    }
                  }
                },
                "mixto": {
                  "version": "1.0.0",
                  "from": "mixto@>=1.0.0 <2.0.0",
                  "resolved": "https://registry.npmjs.org/mixto/-/mixto-1.0.0.tgz"
                },
                "property-accessors": {
                  "version": "1.1.3",
                  "from": "property-accessors@>=1.1.0 <2.0.0",
                  "resolved": "https://registry.npmjs.org/property-accessors/-/property-accessors-1.1.3.tgz"
                },
                "es6-weak-map": {
                  "version": "0.1.4",
                  "from": "es6-weak-map@>=0.1.2 <0.2.0",
                  "resolved": "https://registry.npmjs.org/es6-weak-map/-/es6-weak-map-0.1.4.tgz",
                  "dependencies": {
                    "d": {
                      "version": "0.1.1",
                      "from": "d@>=0.1.1 <0.2.0",
                      "resolved": "https://registry.npmjs.org/d/-/d-0.1.1.tgz"
                    },
                    "es5-ext": {
                      "version": "0.10.8",
                      "from": "es5-ext@>=0.10.6 <0.11.0",
                      "resolved": "https://registry.npmjs.org/es5-ext/-/es5-ext-0.10.8.tgz",
                      "dependencies": {
                        "es6-iterator": {
                          "version": "2.0.0",
                          "from": "es6-iterator@>=2.0.0 <3.0.0",
                          "resolved": "https://registry.npmjs.org/es6-iterator/-/es6-iterator-2.0.0.tgz"
                        },
                        "es6-symbol": {
                          "version": "3.0.1",
                          "from": "es6-symbol@>=3.0.0 <4.0.0",
                          "resolved": "https://registry.npmjs.org/es6-symbol/-/es6-symbol-3.0.1.tgz"
                        }
                      }
                    },
                    "es6-iterator": {
                      "version": "0.1.3",
                      "from": "es6-iterator@>=0.1.3 <0.2.0",
                      "resolved": "https://registry.npmjs.org/es6-iterator/-/es6-iterator-0.1.3.tgz"
                    },
                    "es6-symbol": {
                      "version": "2.0.1",
                      "from": "es6-symbol@>=2.0.1 <2.1.0",
                      "resolved": "https://registry.npmjs.org/es6-symbol/-/es6-symbol-2.0.1.tgz"
                    }
                  }
                }
              }
            }
          }
        }
      }
    },
    "flux": {
      "version": "2.1.1",
      "from": "flux@>=2.0.3 <3.0.0",
      "resolved": "https://registry.npmjs.org/flux/-/flux-2.1.1.tgz",
      "dependencies": {
        "fbemitter": {
          "version": "2.0.0",
          "from": "fbemitter@>=2.0.0 <3.0.0",
          "resolved": "https://registry.npmjs.org/fbemitter/-/fbemitter-2.0.0.tgz"
        },
        "fbjs": {
          "version": "0.1.0-alpha.7",
          "from": "fbjs@0.1.0-alpha.7",
          "resolved": "https://registry.npmjs.org/fbjs/-/fbjs-0.1.0-alpha.7.tgz",
          "dependencies": {
            "core-js": {
              "version": "1.2.6",
              "from": "core-js@>=1.0.0 <2.0.0",
              "resolved": "https://registry.npmjs.org/core-js/-/core-js-1.2.6.tgz"
            },
            "promise": {
              "version": "7.0.4",
              "from": "promise@>=7.0.3 <8.0.0",
              "resolved": "https://registry.npmjs.org/promise/-/promise-7.0.4.tgz",
              "dependencies": {
                "asap": {
                  "version": "2.0.3",
                  "from": "asap@>=2.0.3 <2.1.0",
                  "resolved": "https://registry.npmjs.org/asap/-/asap-2.0.3.tgz"
                }
              }
            },
            "whatwg-fetch": {
              "version": "0.9.0",
              "from": "whatwg-fetch@>=0.9.0 <0.10.0",
              "resolved": "https://registry.npmjs.org/whatwg-fetch/-/whatwg-fetch-0.9.0.tgz"
            }
          }
        }
      }
    },
    "fs-plus": {
      "version": "2.8.1",
      "from": "fs-plus@>=2.8.1 <3.0.0",
      "resolved": "https://registry.npmjs.org/fs-plus/-/fs-plus-2.8.1.tgz",
      "dependencies": {
        "underscore-plus": {
          "version": "1.6.6",
          "from": "underscore-plus@>=1.0.0 <2.0.0",
          "resolved": "https://registry.npmjs.org/underscore-plus/-/underscore-plus-1.6.6.tgz",
          "dependencies": {
            "underscore": {
              "version": "1.6.0",
              "from": "underscore@>=1.6.0 <1.7.0",
              "resolved": "https://registry.npmjs.org/underscore/-/underscore-1.6.0.tgz"
            }
          }
        },
        "mkdirp": {
          "version": "0.3.5",
          "from": "mkdirp@>=0.3.5 <0.4.0",
          "resolved": "https://registry.npmjs.org/mkdirp/-/mkdirp-0.3.5.tgz"
        },
        "rimraf": {
          "version": "2.2.8",
          "from": "rimraf@>=2.2.2 <2.3.0",
          "resolved": "https://registry.npmjs.org/rimraf/-/rimraf-2.2.8.tgz"
        },
        "async": {
          "version": "0.2.10",
          "from": "async@>=0.2.9 <0.3.0",
          "resolved": "https://registry.npmjs.org/async/-/async-0.2.10.tgz"
        }
      }
    },
    "immutable": {
      "version": "3.7.5",
      "from": "immutable@>=3.7.4 <4.0.0",
      "resolved": "https://registry.npmjs.org/immutable/-/immutable-3.7.5.tgz"
    },
    "jmp": {
      "version": "0.2.4",
      "from": "jmp@>=0.2.4",
      "resolved": "https://registry.npmjs.org/jmp/-/jmp-0.2.4.tgz",
      "dependencies": {
        "node-uuid": {
          "version": "1.4.7",
          "from": "node-uuid@>=1.4.2 <2.0.0",
          "resolved": "https://registry.npmjs.org/node-uuid/-/node-uuid-1.4.7.tgz"
        }
      }
    },
    "jupyter-kernel-launcher": {
      "version": "0.0.2",
      "from": "jupyter-kernel-launcher@0.0.2",
      "resolved": "https://registry.npmjs.org/jupyter-kernel-launcher/-/jupyter-kernel-launcher-0.0.2.tgz",
      "dependencies": {
        "eventemitter2": {
          "version": "0.4.14",
          "from": "eventemitter2@>=0.4.14 <0.5.0",
          "resolved": "https://registry.npmjs.org/eventemitter2/-/eventemitter2-0.4.14.tgz"
        },
        "jmp": {
          "version": "0.2.4",
          "from": "jmp@>=0.2.0 <0.3.0",
          "resolved": "https://registry.npmjs.org/jmp/-/jmp-0.2.4.tgz",
          "dependencies": {
            "node-uuid": {
              "version": "1.4.7",
              "from": "node-uuid@>=1.4.2 <2.0.0",
              "resolved": "https://registry.npmjs.org/node-uuid/-/node-uuid-1.4.7.tgz"
            },
            "zmq": {
              "version": "2.14.0",
              "from": "zmq@>=2.10.0 <3.0.0",
              "resolved": "https://registry.npmjs.org/zmq/-/zmq-2.14.0.tgz",
              "dependencies": {
                "nan": {
                  "version": "2.0.9",
                  "from": "nan@>=2.0.0 <2.1.0",
                  "resolved": "https://registry.npmjs.org/nan/-/nan-2.0.9.tgz"
                },
                "bindings": {
                  "version": "1.2.1",
                  "from": "bindings@>=1.2.1 <1.3.0",
                  "resolved": "https://registry.npmjs.org/bindings/-/bindings-1.2.1.tgz"
                }
              }
            }
          }
        },
        "jupyter-session": {
          "version": "0.0.3",
          "from": "jupyter-session@0.0.3",
          "resolved": "https://registry.npmjs.org/jupyter-session/-/jupyter-session-0.0.3.tgz",
          "dependencies": {
            "jupyter-transport-wrapper": {
              "version": "0.0.1",
              "from": "jupyter-transport-wrapper@0.0.1",
              "resolved": "https://registry.npmjs.org/jupyter-transport-wrapper/-/jupyter-transport-wrapper-0.0.1.tgz"
            }
          }
        }
      }
    },
    "lodash": {
      "version": "3.10.1",
      "from": "lodash@>=3.10.0 <4.0.0",
      "resolved": "https://registry.npmjs.org/lodash/-/lodash-3.10.1.tgz"
    },
    "pathwatcher": {
      "version": "6.3.0",
      "from": "pathwatcher@>=4.4.3",
      "resolved": "https://registry.npmjs.org/pathwatcher/-/pathwatcher-6.3.0.tgz",
      "dependencies": {
        "async": {
          "version": "0.2.10",
          "from": "async@>=0.2.10 <0.3.0",
          "resolved": "https://registry.npmjs.org/async/-/async-0.2.10.tgz"
        },
        "emissary": {
          "version": "1.3.3",
          "from": "emissary@>=1.3.2 <2.0.0",
          "resolved": "https://registry.npmjs.org/emissary/-/emissary-1.3.3.tgz",
          "dependencies": {
            "mixto": {
              "version": "1.0.0",
              "from": "mixto@>=1.0.0 <2.0.0",
              "resolved": "https://registry.npmjs.org/mixto/-/mixto-1.0.0.tgz"
            },
            "property-accessors": {
              "version": "1.1.3",
              "from": "property-accessors@>=1.1.0 <2.0.0",
              "resolved": "https://registry.npmjs.org/property-accessors/-/property-accessors-1.1.3.tgz"
            },
            "es6-weak-map": {
              "version": "0.1.4",
              "from": "es6-weak-map@>=0.1.2 <0.2.0",
              "resolved": "https://registry.npmjs.org/es6-weak-map/-/es6-weak-map-0.1.4.tgz",
              "dependencies": {
                "d": {
                  "version": "0.1.1",
                  "from": "d@>=0.1.1 <0.2.0",
                  "resolved": "https://registry.npmjs.org/d/-/d-0.1.1.tgz"
                },
                "es5-ext": {
                  "version": "0.10.8",
                  "from": "es5-ext@>=0.10.6 <0.11.0",
                  "resolved": "https://registry.npmjs.org/es5-ext/-/es5-ext-0.10.8.tgz",
                  "dependencies": {
                    "es6-iterator": {
                      "version": "2.0.0",
                      "from": "es6-iterator@>=2.0.0 <3.0.0",
                      "resolved": "https://registry.npmjs.org/es6-iterator/-/es6-iterator-2.0.0.tgz"
                    },
                    "es6-symbol": {
                      "version": "3.0.1",
                      "from": "es6-symbol@>=3.0.0 <4.0.0",
                      "resolved": "https://registry.npmjs.org/es6-symbol/-/es6-symbol-3.0.1.tgz"
                    }
                  }
                },
                "es6-iterator": {
                  "version": "0.1.3",
                  "from": "es6-iterator@>=0.1.3 <0.2.0",
                  "resolved": "https://registry.npmjs.org/es6-iterator/-/es6-iterator-0.1.3.tgz"
                },
                "es6-symbol": {
                  "version": "2.0.1",
                  "from": "es6-symbol@>=2.0.1 <2.1.0",
                  "resolved": "https://registry.npmjs.org/es6-symbol/-/es6-symbol-2.0.1.tgz"
                }
              }
            }
          }
        },
        "grim": {
          "version": "1.5.0",
          "from": "grim@>=1.2.1 <2.0.0",
          "resolved": "https://registry.npmjs.org/grim/-/grim-1.5.0.tgz"
        },
        "iconv-lite": {
          "version": "0.4.13",
          "from": "iconv-lite@>=0.4.4 <0.5.0",
          "resolved": "https://registry.npmjs.org/iconv-lite/-/iconv-lite-0.4.13.tgz"
        },
        "nan": {
          "version": "2.1.0",
          "from": "nan@>=2.0.0 <3.0.0",
          "resolved": "https://registry.npmjs.org/nan/-/nan-2.1.0.tgz"
        },
        "runas": {
          "version": "3.1.1",
          "from": "runas@>=3.1.0 <4.0.0",
          "resolved": "https://registry.npmjs.org/runas/-/runas-3.1.1.tgz"
        },
        "underscore-plus": {
          "version": "1.6.6",
          "from": "underscore-plus@>=1.0.0 <2.0.0",
          "resolved": "https://registry.npmjs.org/underscore-plus/-/underscore-plus-1.6.6.tgz",
          "dependencies": {
            "underscore": {
              "version": "1.6.0",
              "from": "underscore@>=1.6.0 <1.7.0",
              "resolved": "https://registry.npmjs.org/underscore/-/underscore-1.6.0.tgz"
            }
          }
        }
      }
    },
    "react": {
      "version": "0.13.3",
      "from": "react@>=0.13.3 <0.14.0",
      "resolved": "https://registry.npmjs.org/react/-/react-0.13.3.tgz",
      "dependencies": {
        "envify": {
          "version": "3.4.0",
          "from": "envify@>=3.0.0 <4.0.0",
          "resolved": "https://registry.npmjs.org/envify/-/envify-3.4.0.tgz",
          "dependencies": {
            "through": {
              "version": "2.3.8",
              "from": "through@>=2.3.4 <2.4.0",
              "resolved": "https://registry.npmjs.org/through/-/through-2.3.8.tgz"
            },
            "jstransform": {
              "version": "10.1.0",
              "from": "jstransform@>=10.0.1 <11.0.0",
              "resolved": "https://registry.npmjs.org/jstransform/-/jstransform-10.1.0.tgz",
              "dependencies": {
                "base62": {
                  "version": "0.1.1",
                  "from": "base62@0.1.1",
                  "resolved": "https://registry.npmjs.org/base62/-/base62-0.1.1.tgz"
                },
                "esprima-fb": {
                  "version": "13001.1001.0-dev-harmony-fb",
                  "from": "esprima-fb@13001.1001.0-dev-harmony-fb",
                  "resolved": "https://registry.npmjs.org/esprima-fb/-/esprima-fb-13001.1001.0-dev-harmony-fb.tgz"
                },
                "source-map": {
                  "version": "0.1.31",
                  "from": "source-map@0.1.31",
                  "resolved": "https://registry.npmjs.org/source-map/-/source-map-0.1.31.tgz",
                  "dependencies": {
                    "amdefine": {
                      "version": "1.0.0",
                      "from": "amdefine@>=0.0.4",
                      "resolved": "https://registry.npmjs.org/amdefine/-/amdefine-1.0.0.tgz"
                    }
                  }
                }
              }
            }
          }
        }
      }
    },
    "transformime": {
      "version": "1.0.0",
      "from": "transformime@>=1.0.0 <2.0.0",
      "resolved": "https://registry.npmjs.org/transformime/-/transformime-1.0.0.tgz"
    },
    "transformime-jupyter-transformers": {
      "version": "0.0.3",
      "from": "transformime-jupyter-transformers@0.0.3",
      "resolved": "https://registry.npmjs.org/transformime-jupyter-transformers/-/transformime-jupyter-transformers-0.0.3.tgz",
      "dependencies": {
        "ansi-to-html": {
          "version": "0.3.0",
          "from": "ansi-to-html@>=0.3.0 <0.4.0",
          "resolved": "https://registry.npmjs.org/ansi-to-html/-/ansi-to-html-0.3.0.tgz",
          "dependencies": {
            "entities": {
              "version": "1.1.1",
              "from": "entities@>=1.1.1 <2.0.0",
              "resolved": "https://registry.npmjs.org/entities/-/entities-1.1.1.tgz"
            }
          }
        },
        "katex": {
          "version": "0.5.1",
          "from": "katex@>=0.5.0 <0.6.0",
          "resolved": "https://registry.npmjs.org/katex/-/katex-0.5.1.tgz",
          "dependencies": {
            "match-at": {
              "version": "0.1.0",
              "from": "match-at@>=0.1.0 <0.2.0",
              "resolved": "https://registry.npmjs.org/match-at/-/match-at-0.1.0.tgz"
            }
          }
        },
        "transformime-commonmark": {
          "version": "0.0.1",
          "from": "transformime-commonmark@0.0.1",
          "resolved": "https://registry.npmjs.org/transformime-commonmark/-/transformime-commonmark-0.0.1.tgz",
          "dependencies": {
            "commonmark": {
              "version": "0.21.0",
              "from": "commonmark@>=0.21.0 <0.22.0",
              "resolved": "https://registry.npmjs.org/commonmark/-/commonmark-0.21.0.tgz",
              "dependencies": {
                "entities": {
                  "version": "1.1.1",
                  "from": "entities@>=1.1.1 <1.2.0",
                  "resolved": "https://registry.npmjs.org/entities/-/entities-1.1.1.tgz"
                },
                "mdurl": {
                  "version": "1.0.1",
                  "from": "mdurl@>=1.0.0 <1.1.0",
                  "resolved": "https://registry.npmjs.org/mdurl/-/mdurl-1.0.1.tgz"
                },
                "string.prototype.repeat": {
                  "version": "0.2.0",
                  "from": "string.prototype.repeat@>=0.2.0 <0.3.0",
                  "resolved": "https://registry.npmjs.org/string.prototype.repeat/-/string.prototype.repeat-0.2.0.tgz"
                }
              }
            }
          }
        }
      }
    },
    "uuid": {
      "version": "2.0.1",
      "from": "uuid@>=2.0.1 <3.0.0",
      "resolved": "https://registry.npmjs.org/uuid/-/uuid-2.0.1.tgz"
    },
    "zmq": {
      "version": "2.14.0",
      "from": "zmq@>=2.14.0",
      "resolved": "https://registry.npmjs.org/zmq/-/zmq-2.14.0.tgz",
      "dependencies": {
        "nan": {
          "version": "2.0.9",
          "from": "nan@>=2.0.0 <2.1.0",
          "resolved": "https://registry.npmjs.org/nan/-/nan-2.0.9.tgz"
        },
        "bindings": {
          "version": "1.2.1",
          "from": "bindings@>=1.2.1 <1.3.0",
          "resolved": "https://registry.npmjs.org/bindings/-/bindings-1.2.1.tgz"
        }
      }
    }
  }
}
